
Microsoft Visual Studio Solution File, Format Version 12.00
# Visual Studio Version 17
VisualStudioVersion = 17.12.35527.113
MinimumVisualStudioVersion = 10.0.40219.1
Project("{FAE04EC0-301F-11D3-BF4B-00C04F79EFBC}") = "GeorgiaTechLibraryProject", "GeorgiaTechLibraryProject\GeorgiaTechLibraryProject.csproj", "{25F55BBD-BFC0-42A6-965D-FA4993D48E42}"
EndProject
Project("{2150E333-8FDC-42A3-9474-1A3956D46DE8}") = "API", "API", "{5E1D2A5B-AA2A-43D4-BFB3-B3974115B838}"
EndProject
Project("{FAE04EC0-301F-11D3-BF4B-00C04F79EFBC}") = "GeogiaTech.Product.API", "GeogiaTech.Product.API\GeogiaTech.Product.API.csproj", "{7EA78DEC-4A38-4B1A-BDCF-40ED76E2A5CB}"
EndProject
Project("{2150E333-8FDC-42A3-9474-1A3956D46DE8}") = "Core", "Core", "{87273A71-6904-4220-BAFC-A824C2F0A26C}"
EndProject
Project("{FAE04EC0-301F-11D3-BF4B-00C04F79EFBC}") = "GeorgiaTech.Application", "GeorgiaTech.Application\GeorgiaTech.Application.csproj", "{04BBE422-54EF-4232-99B3-B6AA32F1215C}"
EndProject
Project("{FAE04EC0-301F-11D3-BF4B-00C04F79EFBC}") = "GeorgiaTech.Domain", "GeorgiaTech.Domain\GeorgiaTech.Domain.csproj", "{2BC190B9-834E-44BD-8CB6-37AEE11605F6}"
EndProject
Project("{FAE04EC0-301F-11D3-BF4B-00C04F79EFBC}") = "GeorgiaTech.Product.Application", "GeorgiaTech.Product.Application\GeorgiaTech.Product.Application.csproj", "{4B5D6F23-D8F0-472B-8E10-7039973676A3}"
EndProject
Project("{FAE04EC0-301F-11D3-BF4B-00C04F79EFBC}") = "GeorgiaTech.Product.Domain", "GeorgiaTech.Product.Domain\GeorgiaTech.Product.Domain.csproj", "{608CCCF8-65B4-4615-B80D-268046E26513}"
EndProject
Project("{2150E333-8FDC-42A3-9474-1A3956D46DE8}") = "Gateways", "Gateways", "{0DAFE134-781B-4263-A372-23261282BCB2}"
EndProject
Project("{FAE04EC0-301F-11D3-BF4B-00C04F79EFBC}") = "GeorgiaTechLibrary.ProductServiceGatway", "GeorgiaTechLibrary.ProductServiceGatway\GeorgiaTechLibrary.ProductServiceGatway.csproj", "{6E5DAD36-5E23-4253-A6AB-D9824BC567ED}"
EndProject
Project("{2150E333-8FDC-42A3-9474-1A3956D46DE8}") = "Infrastructure", "Infrastructure", "{0858509F-1426-4D9F-BBE7-E512F4AEAEBD}"
EndProject
Project("{FAE04EC0-301F-11D3-BF4B-00C04F79EFBC}") = "GeorgiaTech.Data.Persistence", "GeorgiaTech.Data.Persistence\GeorgiaTech.Data.Persistence.csproj", "{E649B97C-8155-4791-8807-4EDF9988A76D}"
EndProject
Project("{FAE04EC0-301F-11D3-BF4B-00C04F79EFBC}") = "GeorgiaTech.Product.Persistence", "GeorgiaTech.Product.Persistence\GeorgiaTech.Product.Persistence.csproj", "{44FDBCB5-635B-4EC9-81AE-819CADB4A4E7}"
EndProject
Project("{2150E333-8FDC-42A3-9474-1A3956D46DE8}") = "Database", "Database", "{0DC0B3F3-9975-4B1C-B0DA-718611827537}"
	ProjectSection(SolutionItems) = preProject
		Inventory.sql = Inventory.sql
		Product.sql = Product.sql
	EndProjectSection
EndProject
Project("{FAE04EC0-301F-11D3-BF4B-00C04F79EFBC}") = "GeorgiaTech.Messaging", "GeorgiaTech.MessagingProducer\GeorgiaTech.Messaging.csproj", "{A11874D0-1343-41E5-8896-E0A72A1956C3}"
EndProject
Project("{FAE04EC0-301F-11D3-BF4B-00C04F79EFBC}") = "GeorgiaTech.ProductService", "GeorgiaTech.ProductService\GeorgiaTech.ProductService.csproj", "{8277EC30-3F49-4861-AD5C-21F92D6CA466}"
EndProject
Project("{FAE04EC0-301F-11D3-BF4B-00C04F79EFBC}") = "GeorgiaTech.InventoryService", "GeorgiaTech.InventoryService\GeorgiaTech.InventoryService.csproj", "{D6692A03-751C-4673-B4AE-EC55B2627918}"
EndProject
Global
	GlobalSection(SolutionConfigurationPlatforms) = preSolution
		Debug|Any CPU = Debug|Any CPU
		Release|Any CPU = Release|Any CPU
	EndGlobalSection
	GlobalSection(ProjectConfigurationPlatforms) = postSolution
		{25F55BBD-BFC0-42A6-965D-FA4993D48E42}.Debug|Any CPU.ActiveCfg = Debug|Any CPU
		{25F55BBD-BFC0-42A6-965D-FA4993D48E42}.Debug|Any CPU.Build.0 = Debug|Any CPU
		{25F55BBD-BFC0-42A6-965D-FA4993D48E42}.Release|Any CPU.ActiveCfg = Release|Any CPU
		{25F55BBD-BFC0-42A6-965D-FA4993D48E42}.Release|Any CPU.Build.0 = Release|Any CPU
		{7EA78DEC-4A38-4B1A-BDCF-40ED76E2A5CB}.Debug|Any CPU.ActiveCfg = Debug|Any CPU
		{7EA78DEC-4A38-4B1A-BDCF-40ED76E2A5CB}.Debug|Any CPU.Build.0 = Debug|Any CPU
		{7EA78DEC-4A38-4B1A-BDCF-40ED76E2A5CB}.Release|Any CPU.ActiveCfg = Release|Any CPU
		{7EA78DEC-4A38-4B1A-BDCF-40ED76E2A5CB}.Release|Any CPU.Build.0 = Release|Any CPU
		{04BBE422-54EF-4232-99B3-B6AA32F1215C}.Debug|Any CPU.ActiveCfg = Debug|Any CPU
		{04BBE422-54EF-4232-99B3-B6AA32F1215C}.Debug|Any CPU.Build.0 = Debug|Any CPU
		{04BBE422-54EF-4232-99B3-B6AA32F1215C}.Release|Any CPU.ActiveCfg = Release|Any CPU
		{04BBE422-54EF-4232-99B3-B6AA32F1215C}.Release|Any CPU.Build.0 = Release|Any CPU
		{2BC190B9-834E-44BD-8CB6-37AEE11605F6}.Debug|Any CPU.ActiveCfg = Debug|Any CPU
		{2BC190B9-834E-44BD-8CB6-37AEE11605F6}.Debug|Any CPU.Build.0 = Debug|Any CPU
		{2BC190B9-834E-44BD-8CB6-37AEE11605F6}.Release|Any CPU.ActiveCfg = Release|Any CPU
		{2BC190B9-834E-44BD-8CB6-37AEE11605F6}.Release|Any CPU.Build.0 = Release|Any CPU
		{4B5D6F23-D8F0-472B-8E10-7039973676A3}.Debug|Any CPU.ActiveCfg = Debug|Any CPU
		{4B5D6F23-D8F0-472B-8E10-7039973676A3}.Debug|Any CPU.Build.0 = Debug|Any CPU
		{4B5D6F23-D8F0-472B-8E10-7039973676A3}.Release|Any CPU.ActiveCfg = Release|Any CPU
		{4B5D6F23-D8F0-472B-8E10-7039973676A3}.Release|Any CPU.Build.0 = Release|Any CPU
		{608CCCF8-65B4-4615-B80D-268046E26513}.Debug|Any CPU.ActiveCfg = Debug|Any CPU
		{608CCCF8-65B4-4615-B80D-268046E26513}.Debug|Any CPU.Build.0 = Debug|Any CPU
		{608CCCF8-65B4-4615-B80D-268046E26513}.Release|Any CPU.ActiveCfg = Release|Any CPU
		{608CCCF8-65B4-4615-B80D-268046E26513}.Release|Any CPU.Build.0 = Release|Any CPU
		{6E5DAD36-5E23-4253-A6AB-D9824BC567ED}.Debug|Any CPU.ActiveCfg = Debug|Any CPU
		{6E5DAD36-5E23-4253-A6AB-D9824BC567ED}.Debug|Any CPU.Build.0 = Debug|Any CPU
		{6E5DAD36-5E23-4253-A6AB-D9824BC567ED}.Release|Any CPU.ActiveCfg = Release|Any CPU
		{6E5DAD36-5E23-4253-A6AB-D9824BC567ED}.Release|Any CPU.Build.0 = Release|Any CPU
		{E649B97C-8155-4791-8807-4EDF9988A76D}.Debug|Any CPU.ActiveCfg = Debug|Any CPU
		{E649B97C-8155-4791-8807-4EDF9988A76D}.Debug|Any CPU.Build.0 = Debug|Any CPU
		{E649B97C-8155-4791-8807-4EDF9988A76D}.Release|Any CPU.ActiveCfg = Release|Any CPU
		{E649B97C-8155-4791-8807-4EDF9988A76D}.Release|Any CPU.Build.0 = Release|Any CPU
		{44FDBCB5-635B-4EC9-81AE-819CADB4A4E7}.Debug|Any CPU.ActiveCfg = Debug|Any CPU
		{44FDBCB5-635B-4EC9-81AE-819CADB4A4E7}.Debug|Any CPU.Build.0 = Debug|Any CPU
		{44FDBCB5-635B-4EC9-81AE-819CADB4A4E7}.Release|Any CPU.ActiveCfg = Release|Any CPU
		{44FDBCB5-635B-4EC9-81AE-819CADB4A4E7}.Release|Any CPU.Build.0 = Release|Any CPU
		{A11874D0-1343-41E5-8896-E0A72A1956C3}.Debug|Any CPU.ActiveCfg = Debug|Any CPU
		{A11874D0-1343-41E5-8896-E0A72A1956C3}.Debug|Any CPU.Build.0 = Debug|Any CPU
		{A11874D0-1343-41E5-8896-E0A72A1956C3}.Release|Any CPU.ActiveCfg = Release|Any CPU
		{A11874D0-1343-41E5-8896-E0A72A1956C3}.Release|Any CPU.Build.0 = Release|Any CPU
		{8277EC30-3F49-4861-AD5C-21F92D6CA466}.Debug|Any CPU.ActiveCfg = Debug|Any CPU
		{8277EC30-3F49-4861-AD5C-21F92D6CA466}.Debug|Any CPU.Build.0 = Debug|Any CPU
		{8277EC30-3F49-4861-AD5C-21F92D6CA466}.Release|Any CPU.ActiveCfg = Release|Any CPU
		{8277EC30-3F49-4861-AD5C-21F92D6CA466}.Release|Any CPU.Build.0 = Release|Any CPU
		{D6692A03-751C-4673-B4AE-EC55B2627918}.Debug|Any CPU.ActiveCfg = Debug|Any CPU
		{D6692A03-751C-4673-B4AE-EC55B2627918}.Debug|Any CPU.Build.0 = Debug|Any CPU
		{D6692A03-751C-4673-B4AE-EC55B2627918}.Release|Any CPU.ActiveCfg = Release|Any CPU
		{D6692A03-751C-4673-B4AE-EC55B2627918}.Release|Any CPU.Build.0 = Release|Any CPU
	EndGlobalSection
	GlobalSection(SolutionProperties) = preSolution
		HideSolutionNode = FALSE
	EndGlobalSection
	GlobalSection(NestedProjects) = preSolution
		{7EA78DEC-4A38-4B1A-BDCF-40ED76E2A5CB} = {5E1D2A5B-AA2A-43D4-BFB3-B3974115B838}
		{04BBE422-54EF-4232-99B3-B6AA32F1215C} = {87273A71-6904-4220-BAFC-A824C2F0A26C}
		{2BC190B9-834E-44BD-8CB6-37AEE11605F6} = {87273A71-6904-4220-BAFC-A824C2F0A26C}
		{4B5D6F23-D8F0-472B-8E10-7039973676A3} = {87273A71-6904-4220-BAFC-A824C2F0A26C}
		{608CCCF8-65B4-4615-B80D-268046E26513} = {87273A71-6904-4220-BAFC-A824C2F0A26C}
		{6E5DAD36-5E23-4253-A6AB-D9824BC567ED} = {0DAFE134-781B-4263-A372-23261282BCB2}
		{E649B97C-8155-4791-8807-4EDF9988A76D} = {0858509F-1426-4D9F-BBE7-E512F4AEAEBD}
		{44FDBCB5-635B-4EC9-81AE-819CADB4A4E7} = {0858509F-1426-4D9F-BBE7-E512F4AEAEBD}
		{A11874D0-1343-41E5-8896-E0A72A1956C3} = {87273A71-6904-4220-BAFC-A824C2F0A26C}
		{8277EC30-3F49-4861-AD5C-21F92D6CA466} = {87273A71-6904-4220-BAFC-A824C2F0A26C}
		{D6692A03-751C-4673-B4AE-EC55B2627918} = {87273A71-6904-4220-BAFC-A824C2F0A26C}
	EndGlobalSection
EndGlobal
